// !$*UTF8*$!
{
	archiveVersion = 1;
	classes = {
	};
	objectVersion = 46;
	objects = {

/* Begin PBXBuildFile section */
		7DD9C67A1E69CE5E005B0DE0 /* AppDelegate.swift in Sources */ = {isa = PBXBuildFile; fileRef = 7DD9C6791E69CE5E005B0DE0 /* AppDelegate.swift */; };
		7DD9C67C1E69CE5E005B0DE0 /* ViewController.swift in Sources */ = {isa = PBXBuildFile; fileRef = 7DD9C67B1E69CE5E005B0DE0 /* ViewController.swift */; };
		7DD9C67F1E69CE5E005B0DE0 /* Main.storyboard in Resources */ = {isa = PBXBuildFile; fileRef = 7DD9C67D1E69CE5E005B0DE0 /* Main.storyboard */; };
		7DD9C6811E69CE5E005B0DE0 /* Assets.xcassets in Resources */ = {isa = PBXBuildFile; fileRef = 7DD9C6801E69CE5E005B0DE0 /* Assets.xcassets */; };
		7DD9C6841E69CE5E005B0DE0 /* LaunchScreen.storyboard in Resources */ = {isa = PBXBuildFile; fileRef = 7DD9C6821E69CE5E005B0DE0 /* LaunchScreen.storyboard */; };
/* End PBXBuildFile section */

/* Begin PBXFileReference section */
		7DD9C6761E69CE5E005B0DE0 /* SocialProject.app */ = {isa = PBXFileReference; explicitFileType = wrapper.application; includeInIndex = 0; path = SocialProject.app; sourceTree = BUILT_PRODUCTS_DIR; };
		7DD9C6791E69CE5E005B0DE0 /* AppDelegate.swift */ = {isa = PBXFileReference; lastKnownFileType = sourcecode.swift; path = AppDelegate.swift; sourceTree = "<group>"; };
		7DD9C67B1E69CE5E005B0DE0 /* ViewController.swift */ = {isa = PBXFileReference; lastKnownFileType = sourcecode.swift; path = ViewController.swift; sourceTree = "<group>"; };
		7DD9C67E1E69CE5E005B0DE0 /* Base */ = {isa = PBXFileReference; lastKnownFileType = file.storyboard; name = Base; path = Base.lproj/Main.storyboard; sourceTree = "<group>"; };
		7DD9C6801E69CE5E005B0DE0 /* Assets.xcassets */ = {isa = PBXFileReference; lastKnownFileType = folder.assetcatalog; path = Assets.xcassets; sourceTree = "<group>"; };
		7DD9C6831E69CE5E005B0DE0 /* Base */ = {isa = PBXFileReference; lastKnownFileType = file.storyboard; name = Base; path = Base.lproj/LaunchScreen.storyboard; sourceTree = "<group>"; };
		7DD9C6851E69CE5E005B0DE0 /* Info.plist */ = {isa = PBXFileReference; lastKnownFileType = text.plist.xml; path = Info.plist; sourceTree = "<group>"; };
/* End PBXFileReference section */

/* Begin PBXFrameworksBuildPhase section */
		7DD9C6731E69CE5E005B0DE0 /* Frameworks */ = {
			isa = PBXFrameworksBuildPhase;
			buildActionMask = 2147483647;
			files = (
			);
			runOnlyForDeploymentPostprocessing = 0;
		};
/* End PBXFrameworksBuildPhase section */

/* Begin PBXGroup section */
		7DD9C66D1E69CE5E005B0DE0 = {
			isa = PBXGroup;
			children = (
				7DD9C6781E69CE5E005B0DE0 /* SocialProject */,
				7DD9C6771E69CE5E005B0DE0 /* Products */,
			);
			sourceTree = "<group>";
		};
		7DD9C6771E69CE5E005B0DE0 /* Products */ = {
			isa = PBXGroup;
			children = (
				7DD9C6761E69CE5E005B0DE0 /* SocialProject.app */,
			);
			name = Products;
			sourceTree = "<group>";
		};
		7DD9C6781E69CE5E005B0DE0 /* SocialProject */ = {
			isa = PBXGroup;
			children = (
				7DD9C6791E69CE5E005B0DE0 /* AppDelegate.swift */,
				7DD9C67B1E69CE5E005B0DE0 /* ViewController.swift */,
				7DD9C67D1E69CE5E005B0DE0 /* Main.storyboard */,
				7DD9C6801E69CE5E005B0DE0 /* Assets.xcassets */,
				7DD9C6821E69CE5E005B0DE0 /* LaunchScreen.storyboard */,
				7DD9C6851E69CE5E005B0DE0 /* Info.plist */,
			);
			path = SocialProject;
			sourceTree = "<group>";
		};
/* End PBXGroup section */

/* Begin PBXNativeTarget section */
		7DD9C6751E69CE5E005B0DE0 /* SocialProject */ = {
			isa = PBXNativeTarget;
			buildConfigurationList = 7DD9C6881E69CE5E005B0DE0 /* Build configuration list for PBXNativeTarget "SocialProject" */;
			buildPhases = (
				7DD9C6721E69CE5E005B0DE0 /* Sources */,
				7DD9C6731E69CE5E005B0DE0 /* Frameworks */,
				7DD9C6741E69CE5E005B0DE0 /* Resources */,
			);
			buildRules = (
			);
			dependencies = (
			);
			name = SocialProject;
			productName = SocialProject;
			productReference = 7DD9C6761E69CE5E005B0DE0 /* SocialProject.app */;
			productType = "com.apple.product-type.application";
		};
/* End PBXNativeTarget section */

/* Begin PBXProject section */
		7DD9C66E1E69CE5E005B0DE0 /* Project object */ = {
			isa = PBXProject;
			attributes = {
				LastSwiftUpdateCheck = 0800;
				LastUpgradeCheck = 0800;
				ORGANIZATIONNAME = Sponti;
				TargetAttributes = {
					7DD9C6751E69CE5E005B0DE0 = {
						CreatedOnToolsVersion = 8.0;
						DevelopmentTeam = 4HKPZS96DV;
						ProvisioningStyle = Automatic;
					};
				};
			};
			buildConfigurationList = 7DD9C6711E69CE5E005B0DE0 /* Build configuration list for PBXProject "SocialProject" */;
			compatibilityVersion = "Xcode 3.2";
			developmentRegion = English;
			hasScannedForEncodings = 0;
			knownRegions = (
				en,
				Base,
			);
			mainGroup = 7DD9C66D1E69CE5E005B0DE0;
			productRefGroup = 7DD9C6771E69CE5E005B0DE0 /* Products */;
			projectDirPath = "";
			projectRoot = "";
			targets = (
				7DD9C6751E69CE5E005B0DE0 /* SocialProject */,
			);
		};
/* End PBXProject section */

/* Begin PBXResourcesBuildPhase section */
		7DD9C6741E69CE5E005B0DE0 /* Resources */ = {
			isa = PBXResourcesBuildPhase;
			buildActionMask = 2147483647;
			files = (
				7DD9C6841E69CE5E005B0DE0 /* LaunchScreen.storyboard in Resources */,
				7DD9C6811E69CE5E005B0DE0 /* Assets.xcassets in Resources */,
				7DD9C67F1E69CE5E005B0DE0 /* Main.storyboard in Resources */,
			);
			runOnlyForDeploymentPostprocessing = 0;
		};
/* End PBXResourcesBuildPhase section */

/* Begin PBXSourcesBuildPhase section */
		7DD9C6721E69CE5E005B0DE0 /* Sources */ = {
			isa = PBXSourcesBuildPhase;
			buildActionMask = 2147483647;
			files = (
				7DD9C67C1E69CE5E005B0DE0 /* ViewController.swift in Sources */,
				7DD9C67A1E69CE5E005B0DE0 /* AppDelegate.swift in Sources */,
			);
			runOnlyForDeploymentPostprocessing = 0;
		};
/* End PBXSourcesBuildPhase section */

/* Begin PBXVariantGroup section */
		7DD9C67D1E69CE5E005B0DE0 /* Main.storyboard */ = {
			isa = PBXVariantGroup;
			children = (
				7DD9C67E1E69CE5E005B0DE0 /* Base */,
			);
			name = Main.storyboard;
			sourceTree = "<group>";
		};
		7DD9C6821E69CE5E005B0DE0 /* LaunchScreen.storyboard */ = {
			isa = PBXVariantGroup;
			children = (
				7DD9C6831E69CE5E005B0DE0 /* Base */,
			);
			name = LaunchScreen.storyboard;
			sourceTree = "<group>";
		};
/* End PBXVariantGroup section */

/* Begin XCBuildConfiguration section */
		7DD9C6861E69CE5E005B0DE0 /* Debug */ = {
			isa = XCBuildConfiguration;
			buildSettings = {
				ALWAYS_SEARCH_USER_PATHS = NO;
				CLANG_ANALYZER_NONNULL = YES;
				CLANG_CXX_LANGUAGE_STANDARD = "gnu++0x";
				CLANG_CXX_LIBRARY = "libc++";
				CLANG_ENABLE_MODULES = YES;
				CLANG_ENABLE_OBJC_ARC = YES;
				CLANG_WARN_BOOL_CONVERSION = YES;
				CLANG_WARN_CONSTANT_CONVERSION = YES;
				CLANG_WARN_DIRECT_OBJC_ISA_USAGE = YES_ERROR;
				CLANG_WARN_DOCUMENTATION_COMMENTS = YES;
				CLANG_WARN_EMPTY_BODY = YES;
				CLANG_WARN_ENUM_CONVERSION = YES;
				CLANG_WARN_INFINITE_RECURSION = YES;
				CLANG_WARN_INT_CONVERSION = YES;
				CLANG_WARN_OBJC_ROOT_CLASS = YES_ERROR;
				CLANG_WARN_SUSPICIOUS_MOVES = YES;
				CLANG_WARN_UNREACHABLE_CODE = YES;
				CLANG_WARN__DUPLICATE_METHOD_MATCH = YES;
				"CODE_SIGN_IDENTITY[sdk=iphoneos*]" = "iPhone Developer";
				COPY_PHASE_STRIP = NO;
				DEBUG_INFORMATION_FORMAT = dwarf;
				ENABLE_STRICT_OBJC_MSGSEND = YES;
				ENABLE_TESTABILITY = YES;
				GCC_C_LANGUAGE_STANDARD = gnu99;
				GCC_DYNAMIC_NO_PIC = NO;
				GCC_NO_COMMON_BLOCKS = YES;
				GCC_OPTIMIZATION_LEVEL = 0;
				GCC_PREPROCESSOR_DEFINITIONS = (
					"DEBUG=1",
					"$(inherited)",
				);
				GCC_WARN_64_TO_32_BIT_CONVERSION = YES;
				GCC_WARN_ABOUT_RETURN_TYPE = YES_ERROR;
				GCC_WARN_UNDECLARED_SELECTOR = YES;
				GCC_WARN_UNINITIALIZED_AUTOS = YES_AGGRESSIVE;
				GCC_WARN_UNUSED_FUNCTION = YES;
				GCC_WARN_UNUSED_VARIABLE = YES;
				IPHONEOS_DEPLOYMENT_TARGET = 10.0;
				MTL_ENABLE_DEBUG_INFO = YES;
				ONLY_ACTIVE_ARCH = YES;
				SDKROOT = iphoneos;
				SWIFT_ACTIVE_COMPILATION_CONDITIONS = DEBUG;
				SWIFT_OPTIMIZATION_LEVEL = "-Onone";
			};
			name = Debug;
		};
		7DD9C6871E69CE5E005B0DE0 /* Release */ = {
			isa = XCBuildConfiguration;
			buildSettings = {
				ALWAYS_SEARCH_USER_PATHS = NO;
				CLANG_ANALYZER_NONNULL = YES;
				CLANG_CXX_LANGUAGE_STANDARD = "gnu++0x";
				CLANG_CXX_LIBRARY = "libc++";
				CLANG_ENABLE_MODULES = YES;
				CLANG_ENABLE_OBJC_ARC = YES;
				CLANG_WARN_BOOL_CONVERSION = YES;
				CLANG_WARN_CONSTANT_CONVERSION = YES;
				CLANG_WARN_DIRECT_OBJC_ISA_USAGE = YES_ERROR;
				CLANG_WARN_DOCUMENTATION_COMMENTS = YES;
				CLANG_WARN_EMPTY_BODY = YES;
				CLANG_WARN_ENUM_CONVERSION = YES;
				CLANG_WARN_INFINITE_RECURSION = YES;
				CLANG_WARN_INT_CONVERSION = YES;
				CLANG_WARN_OBJC_ROOT_CLASS = YES_ERROR;
				CLANG_WARN_SUSPICIOUS_MOVES = YES;
				CLANG_WARN_UNREACHABLE_CODE = YES;
				CLANG_WARN__DUPLICATE_METHOD_MATCH = YES;
				"CODE_SIGN_IDENTITY[sdk=iphoneos*]" = "iPhone Developer";
				COPY_PHASE_STRIP = NO;
				DEBUG_INFORMATION_FORMAT = "dwarf-with-dsym";
				ENABLE_NS_ASSERTIONS = NO;
				ENABLE_STRICT_OBJC_MSGSEND = YES;
				GCC_C_LANGUAGE_STANDARD = gnu99;
				GCC_NO_COMMON_BLOCKS = YES;
				GCC_WARN_64_TO_32_BIT_CONVERSION = YES;
				GCC_WARN_ABOUT_RETURN_TYPE = YES_ERROR;
				GCC_WARN_UNDECLARED_SELECTOR = YES;
				GCC_WARN_UNINITIALIZED_AUTOS = YES_AGGRESSIVE;
				GCC_WARN_UNUSED_FUNCTION = YES;
				GCC_WARN_UNUSED_VARIABLE = YES;
				IPHONEOS_DEPLOYMENT_TARGET = 10.0;
				MTL_ENABLE_DEBUG_INFO = NO;
				SDKROOT = iphoneos;
				SWIFT_OPTIMIZATION_LEVEL = "-Owholemodule";
				VALIDATE_PRODUCT = YES;
			};
			name = Release;
		};
		7DD9C6891E69CE5E005B0DE0 /* Debug */ = {
			isa = XCBuildConfiguration;
			buildSettings = {
				ASSETCATALOG_COMPILER_APPICON_NAME = AppIcon;
				DEVELOPMENT_TEAM = 4HKPZS96DV;
				INFOPLIST_FILE = SocialProject/Info.plist;
				LD_RUNPATH_SEARCH_PATHS = "$(inherited) @executable_path/Frameworks";
				PRODUCT_BUNDLE_IDENTIFIER = com.Sponti.SocialProject;
				PRODUCT_NAME = "$(TARGET_NAME)";
				SWIFT_VERSION = 3.0;
			};
			name = Debug;
		};
		7DD9C68A1E69CE5E005B0DE0 /* Release */ = {
			isa = XCBuildConfiguration;
			buildSettings = {
				ASSETCATALOG_COMPILER_APPICON_NAME = AppIcon;
				DEVELOPMENT_TEAM = 4HKPZS96DV;
				INFOPLIST_FILE = SocialProject/Info.plist;
				LD_RUNPATH_SEARCH_PATHS = "$(inherited) @executable_path/Frameworks";
				PRODUCT_BUNDLE_IDENTIFIER = com.Sponti.SocialProject;
				PRODUCT_NAME = "$(TARGET_NAME)";
				SWIFT_VERSION = 3.0;
			};
			name = Release;
		};
/* End XCBuildConfiguration section */

/* Begin XCConfigurationList section */
		7DD9C6711E69CE5E005B0DE0 /* Build configuration list for PBXProject "SocialProject" */ = {
			isa = XCConfigurationList;
			buildConfigurations = (
				7DD9C6861E69CE5E005B0DE0 /* Debug */,
				7DD9C6871E69CE5E005B0DE0 /* Release */,
			);
			defaultConfigurationIsVisible = 0;
			defaultConfigurationName = Release;
		};
		7DD9C6881E69CE5E005B0DE0 /* Build configuration list for PBXNativeTarget "SocialProject" */ = {
			isa = XCConfigurationList;
			buildConfigurations = (
				7DD9C6891E69CE5E005B0DE0 /* Debug */,
				7DD9C68A1E69CE5E005B0DE0 /* Release */,
			);
			defaultConfigurationIsVisible = 0;
		};
/* End XCConfigurationList section */
	};
	rootObject = 7DD9C66E1E69CE5E005B0DE0 /* Project object */;
}
